
Microsoft Visual Studio Solution File, Format Version 12.00
# Visual Studio Version 16
VisualStudioVersion = 16.0.28606.126
MinimumVisualStudioVersion = 10.0.40219.1
Project("{FAE04EC0-301F-11D3-BF4B-00C04F79EFBC}") = "Ubiety.Toolset", "Ubiety.Toolset\Ubiety.Toolset.csproj", "{F96E7C12-69BC-4CAE-94CB-9F6D3CDB150F}"
EndProject
Global
	GlobalSection(SolutionConfigurationPlatforms) = preSolution
		Debug|Any CPU = Debug|Any CPU
		Release|Any CPU = Release|Any CPU
	EndGlobalSection
	GlobalSection(ProjectConfigurationPlatforms) = postSolution
		{F96E7C12-69BC-4CAE-94CB-9F6D3CDB150F}.Debug|Any CPU.ActiveCfg = Debug|Any CPU
		{F96E7C12-69BC-4CAE-94CB-9F6D3CDB150F}.Debug|Any CPU.Build.0 = Debug|Any CPU
		{F96E7C12-69BC-4CAE-94CB-9F6D3CDB150F}.Release|Any CPU.ActiveCfg = Release|Any CPU
		{F96E7C12-69BC-4CAE-94CB-9F6D3CDB150F}.Release|Any CPU.Build.0 = Release|Any CPU
	EndGlobalSection
	GlobalSection(SolutionProperties) = preSolution
		HideSolutionNode = FALSE
	EndGlobalSection
	GlobalSection(ExtensibilityGlobals) = postSolution
		SolutionGuid = {3A507205-6E67-407F-8577-3DFA59F0B618}
	EndGlobalSection
EndGlobal
